// !$*UTF8*$!
{
	archiveVersion = 1;
	classes = {
	};
	objectVersion = 56;
	objects = {

/* Begin PBXBuildFile section */
		21A68B9078A3BD2166A7EDAC /* Pods_AutoLayoutAsis.framework in Frameworks */ = {isa = PBXBuildFile; fileRef = 34FB332453DDF9B4BC8FD309 /* Pods_AutoLayoutAsis.framework */; };
		4F1A540B297ED18F003566F1 /* MenuItems.swift in Sources */ = {isa = PBXBuildFile; fileRef = 4F1A540A297ED18F003566F1 /* MenuItems.swift */; };
		4F38B97C299CB58D008783B7 /* RoadMaps.swift in Sources */ = {isa = PBXBuildFile; fileRef = 4F38B97B299CB58D008783B7 /* RoadMaps.swift */; };
		4F38B97E299CBA45008783B7 /* RouteViewController.swift in Sources */ = {isa = PBXBuildFile; fileRef = 4F38B97D299CBA45008783B7 /* RouteViewController.swift */; };
		4F38B980299CBDFF008783B7 /* RouteTableViewCell.swift in Sources */ = {isa = PBXBuildFile; fileRef = 4F38B97F299CBDFF008783B7 /* RouteTableViewCell.swift */; };
		4F6BA119297FB5CE0010C8C2 /* MenuTableViewCell.swift in Sources */ = {isa = PBXBuildFile; fileRef = 4F6BA118297FB5CE0010C8C2 /* MenuTableViewCell.swift */; };
		4F6BA11B297FB60F0010C8C2 /* WhereMyBusViewController.swift in Sources */ = {isa = PBXBuildFile; fileRef = 4F6BA11A297FB60F0010C8C2 /* WhereMyBusViewController.swift */; };
		4F6BA11D297FB6570010C8C2 /* StationsViewController.swift in Sources */ = {isa = PBXBuildFile; fileRef = 4F6BA11C297FB6570010C8C2 /* StationsViewController.swift */; };
		4F6BA11F297FB67B0010C8C2 /* DealersViewController.swift in Sources */ = {isa = PBXBuildFile; fileRef = 4F6BA11E297FB67B0010C8C2 /* DealersViewController.swift */; };
		4F6BA121297FB6A30010C8C2 /* BalanceViewController.swift in Sources */ = {isa = PBXBuildFile; fileRef = 4F6BA120297FB6A30010C8C2 /* BalanceViewController.swift */; };
		4F6BA123297FB7750010C8C2 /* SettingsViewController.swift in Sources */ = {isa = PBXBuildFile; fileRef = 4F6BA122297FB7750010C8C2 /* SettingsViewController.swift */; };
		4F6BA125297FB7AA0010C8C2 /* ShareAppViewController.swift in Sources */ = {isa = PBXBuildFile; fileRef = 4F6BA124297FB7AA0010C8C2 /* ShareAppViewController.swift */; };
		4F6BA127297FB7CC0010C8C2 /* ChangeLanguageViewController.swift in Sources */ = {isa = PBXBuildFile; fileRef = 4F6BA126297FB7CC0010C8C2 /* ChangeLanguageViewController.swift */; };
		4F6BA129297FC29E0010C8C2 /* AppTabBarController.swift in Sources */ = {isa = PBXBuildFile; fileRef = 4F6BA128297FC29E0010C8C2 /* AppTabBarController.swift */; };
		4F6BA12C298006830010C8C2 /* NetworkManager.swift in Sources */ = {isa = PBXBuildFile; fileRef = 4F6BA12B298006830010C8C2 /* NetworkManager.swift */; };
		4F6BA12E29800B6C0010C8C2 /* StationModel.swift in Sources */ = {isa = PBXBuildFile; fileRef = 4F6BA12D29800B6C0010C8C2 /* StationModel.swift */; };
		4F7FA199299B97B000C7135D /* HowIGoViewController.swift in Sources */ = {isa = PBXBuildFile; fileRef = 4F7FA198299B97B000C7135D /* HowIGoViewController.swift */; };
		4F988CE62986893100E74198 /* LoadingScreen.swift in Sources */ = {isa = PBXBuildFile; fileRef = 4F988CE52986893100E74198 /* LoadingScreen.swift */; };
		4F988CF129879ABB00E74198 /* ServiceMapViewModel.swift in Sources */ = {isa = PBXBuildFile; fileRef = 4F988CF029879ABB00E74198 /* ServiceMapViewModel.swift */; };
		4F988CF329879FDB00E74198 /* LoginViewModel.swift in Sources */ = {isa = PBXBuildFile; fileRef = 4F988CF229879FDB00E74198 /* LoginViewModel.swift */; };
		4F988CF72987A22D00E74198 /* WhereMyBusViewModel.swift in Sources */ = {isa = PBXBuildFile; fileRef = 4F988CF62987A22D00E74198 /* WhereMyBusViewModel.swift */; };
		4F988CF92987A3BC00E74198 /* StationsViewModel.swift in Sources */ = {isa = PBXBuildFile; fileRef = 4F988CF82987A3BC00E74198 /* StationsViewModel.swift */; };
		4F988CFB2987A4C700E74198 /* SettingsViewModel.swift in Sources */ = {isa = PBXBuildFile; fileRef = 4F988CFA2987A4C700E74198 /* SettingsViewModel.swift */; };
		4FA3ADBC299A0FB300F15DDD /* StopServices.swift in Sources */ = {isa = PBXBuildFile; fileRef = 4FA3ADBB299A0FB300F15DDD /* StopServices.swift */; };
		4FC119BB2983A087002BD302 /* Localizable.strings in Resources */ = {isa = PBXBuildFile; fileRef = 4FC119BD2983A087002BD302 /* Localizable.strings */; };
		4FC4287E29810792004BED52 /* StationMapViewController.swift in Sources */ = {isa = PBXBuildFile; fileRef = 4FC4287D29810792004BED52 /* StationMapViewController.swift */; };
		4FC4288029811257004BED52 /* ServiceModel.swift in Sources */ = {isa = PBXBuildFile; fileRef = 4FC4287F29811257004BED52 /* ServiceModel.swift */; };
		4FC4288229811453004BED52 /* ServiceMapViewController.swift in Sources */ = {isa = PBXBuildFile; fileRef = 4FC4288129811453004BED52 /* ServiceMapViewController.swift */; };
		4FC4288429815740004BED52 /* VehicleModel.swift in Sources */ = {isa = PBXBuildFile; fileRef = 4FC4288329815740004BED52 /* VehicleModel.swift */; };
		4FEF8E892985723100BF6B86 /* LocalizationSystem.swift in Sources */ = {isa = PBXBuildFile; fileRef = 4FEF8E882985723100BF6B86 /* LocalizationSystem.swift */; };
		4FF4A371298A3A780078FC28 /* intro.mp4 in Resources */ = {isa = PBXBuildFile; fileRef = 4FF4A370298A3A780078FC28 /* intro.mp4 */; };
		4FFB91FA297E6B1900B19260 /* AppDelegate.swift in Sources */ = {isa = PBXBuildFile; fileRef = 4FFB91F9297E6B1900B19260 /* AppDelegate.swift */; };
		4FFB91FC297E6B1900B19260 /* SceneDelegate.swift in Sources */ = {isa = PBXBuildFile; fileRef = 4FFB91FB297E6B1900B19260 /* SceneDelegate.swift */; };
		4FFB91FE297E6B1900B19260 /* LoginViewController.swift in Sources */ = {isa = PBXBuildFile; fileRef = 4FFB91FD297E6B1900B19260 /* LoginViewController.swift */; };
		4FFB9203297E6B1B00B19260 /* Assets.xcassets in Resources */ = {isa = PBXBuildFile; fileRef = 4FFB9202297E6B1B00B19260 /* Assets.xcassets */; };
		4FFB9235297E7E0B00B19260 /* GoogleService-Info.plist in Resources */ = {isa = PBXBuildFile; fileRef = 4FFB9234297E7E0B00B19260 /* GoogleService-Info.plist */; };
		4FFB9237297E94BC00B19260 /* HomeViewController.swift in Sources */ = {isa = PBXBuildFile; fileRef = 4FFB9236297E94BB00B19260 /* HomeViewController.swift */; };
/* End PBXBuildFile section */

/* Begin PBXFileReference section */
		34FB332453DDF9B4BC8FD309 /* Pods_AutoLayoutAsis.framework */ = {isa = PBXFileReference; explicitFileType = wrapper.framework; includeInIndex = 0; path = Pods_AutoLayoutAsis.framework; sourceTree = BUILT_PRODUCTS_DIR; };
		3F8A9ECD26A88D9F8FCA97FA /* Pods-AutoLayoutAsis.release.xcconfig */ = {isa = PBXFileReference; includeInIndex = 1; lastKnownFileType = text.xcconfig; name = "Pods-AutoLayoutAsis.release.xcconfig"; path = "Target Support Files/Pods-AutoLayoutAsis/Pods-AutoLayoutAsis.release.xcconfig"; sourceTree = "<group>"; };
		4F1A540A297ED18F003566F1 /* MenuItems.swift */ = {isa = PBXFileReference; lastKnownFileType = sourcecode.swift; name = MenuItems.swift; path = "../../../../../Creative Cloud Files/MenuItems.swift"; sourceTree = "<group>"; };
		4F38B97B299CB58D008783B7 /* RoadMaps.swift */ = {isa = PBXFileReference; lastKnownFileType = sourcecode.swift; path = RoadMaps.swift; sourceTree = "<group>"; };
		4F38B97D299CBA45008783B7 /* RouteViewController.swift */ = {isa = PBXFileReference; lastKnownFileType = sourcecode.swift; path = RouteViewController.swift; sourceTree = "<group>"; };
		4F38B97F299CBDFF008783B7 /* RouteTableViewCell.swift */ = {isa = PBXFileReference; lastKnownFileType = sourcecode.swift; path = RouteTableViewCell.swift; sourceTree = "<group>"; };
		4F6BA118297FB5CE0010C8C2 /* MenuTableViewCell.swift */ = {isa = PBXFileReference; fileEncoding = 4; lastKnownFileType = sourcecode.swift; path = MenuTableViewCell.swift; sourceTree = "<group>"; };
		4F6BA11A297FB60F0010C8C2 /* WhereMyBusViewController.swift */ = {isa = PBXFileReference; lastKnownFileType = sourcecode.swift; path = WhereMyBusViewController.swift; sourceTree = "<group>"; };
		4F6BA11C297FB6570010C8C2 /* StationsViewController.swift */ = {isa = PBXFileReference; lastKnownFileType = sourcecode.swift; path = StationsViewController.swift; sourceTree = "<group>"; };
		4F6BA11E297FB67B0010C8C2 /* DealersViewController.swift */ = {isa = PBXFileReference; lastKnownFileType = sourcecode.swift; path = DealersViewController.swift; sourceTree = "<group>"; };
		4F6BA120297FB6A30010C8C2 /* BalanceViewController.swift */ = {isa = PBXFileReference; lastKnownFileType = sourcecode.swift; path = BalanceViewController.swift; sourceTree = "<group>"; };
		4F6BA122297FB7750010C8C2 /* SettingsViewController.swift */ = {isa = PBXFileReference; lastKnownFileType = sourcecode.swift; path = SettingsViewController.swift; sourceTree = "<group>"; };
		4F6BA124297FB7AA0010C8C2 /* ShareAppViewController.swift */ = {isa = PBXFileReference; lastKnownFileType = sourcecode.swift; path = ShareAppViewController.swift; sourceTree = "<group>"; };
		4F6BA126297FB7CC0010C8C2 /* ChangeLanguageViewController.swift */ = {isa = PBXFileReference; lastKnownFileType = sourcecode.swift; path = ChangeLanguageViewController.swift; sourceTree = "<group>"; };
		4F6BA128297FC29E0010C8C2 /* AppTabBarController.swift */ = {isa = PBXFileReference; lastKnownFileType = sourcecode.swift; path = AppTabBarController.swift; sourceTree = "<group>"; };
		4F6BA12B298006830010C8C2 /* NetworkManager.swift */ = {isa = PBXFileReference; lastKnownFileType = sourcecode.swift; path = NetworkManager.swift; sourceTree = "<group>"; };
		4F6BA12D29800B6C0010C8C2 /* StationModel.swift */ = {isa = PBXFileReference; lastKnownFileType = sourcecode.swift; path = StationModel.swift; sourceTree = "<group>"; };
		4F7FA198299B97B000C7135D /* HowIGoViewController.swift */ = {isa = PBXFileReference; lastKnownFileType = sourcecode.swift; path = HowIGoViewController.swift; sourceTree = "<group>"; };
		4F988CE52986893100E74198 /* LoadingScreen.swift */ = {isa = PBXFileReference; lastKnownFileType = sourcecode.swift; path = LoadingScreen.swift; sourceTree = "<group>"; };
		4F988CF029879ABB00E74198 /* ServiceMapViewModel.swift */ = {isa = PBXFileReference; lastKnownFileType = sourcecode.swift; path = ServiceMapViewModel.swift; sourceTree = "<group>"; };
		4F988CF229879FDB00E74198 /* LoginViewModel.swift */ = {isa = PBXFileReference; lastKnownFileType = sourcecode.swift; path = LoginViewModel.swift; sourceTree = "<group>"; };
		4F988CF62987A22D00E74198 /* WhereMyBusViewModel.swift */ = {isa = PBXFileReference; lastKnownFileType = sourcecode.swift; path = WhereMyBusViewModel.swift; sourceTree = "<group>"; };
		4F988CF82987A3BC00E74198 /* StationsViewModel.swift */ = {isa = PBXFileReference; lastKnownFileType = sourcecode.swift; path = StationsViewModel.swift; sourceTree = "<group>"; };
		4F988CFA2987A4C700E74198 /* SettingsViewModel.swift */ = {isa = PBXFileReference; lastKnownFileType = sourcecode.swift; path = SettingsViewModel.swift; sourceTree = "<group>"; };
		4FA3ADBB299A0FB300F15DDD /* StopServices.swift */ = {isa = PBXFileReference; lastKnownFileType = sourcecode.swift; path = StopServices.swift; sourceTree = "<group>"; };
		4FC119B82983A01C002BD302 /* tr */ = {isa = PBXFileReference; lastKnownFileType = text.plist.strings; name = tr; path = tr.lproj/LaunchScreen.strings; sourceTree = "<group>"; };
		4FC119BC2983A087002BD302 /* tr */ = {isa = PBXFileReference; lastKnownFileType = text.plist.strings; name = tr; path = tr.lproj/Localizable.strings; sourceTree = "<group>"; };
		4FC119BE2983A62A002BD302 /* en */ = {isa = PBXFileReference; lastKnownFileType = text.plist.strings; name = en; path = en.lproj/Localizable.strings; sourceTree = "<group>"; };
		4FC119C52983FBC0002BD302 /* AutoLayoutAsis.entitlements */ = {isa = PBXFileReference; lastKnownFileType = text.plist.entitlements; path = AutoLayoutAsis.entitlements; sourceTree = "<group>"; };
		4FC4287D29810792004BED52 /* StationMapViewController.swift */ = {isa = PBXFileReference; lastKnownFileType = sourcecode.swift; path = StationMapViewController.swift; sourceTree = "<group>"; };
		4FC4287F29811257004BED52 /* ServiceModel.swift */ = {isa = PBXFileReference; lastKnownFileType = sourcecode.swift; path = ServiceModel.swift; sourceTree = "<group>"; };
		4FC4288129811453004BED52 /* ServiceMapViewController.swift */ = {isa = PBXFileReference; lastKnownFileType = sourcecode.swift; path = ServiceMapViewController.swift; sourceTree = "<group>"; };
		4FC4288329815740004BED52 /* VehicleModel.swift */ = {isa = PBXFileReference; lastKnownFileType = sourcecode.swift; path = VehicleModel.swift; sourceTree = "<group>"; };
		4FEF8E882985723100BF6B86 /* LocalizationSystem.swift */ = {isa = PBXFileReference; lastKnownFileType = sourcecode.swift; path = LocalizationSystem.swift; sourceTree = "<group>"; };
		4FF4A370298A3A780078FC28 /* intro.mp4 */ = {isa = PBXFileReference; lastKnownFileType = file; path = intro.mp4; sourceTree = "<group>"; };
		4FFB91F6297E6B1900B19260 /* AutoLayoutAsis.app */ = {isa = PBXFileReference; explicitFileType = wrapper.application; includeInIndex = 0; path = AutoLayoutAsis.app; sourceTree = BUILT_PRODUCTS_DIR; };
		4FFB91F9297E6B1900B19260 /* AppDelegate.swift */ = {isa = PBXFileReference; lastKnownFileType = sourcecode.swift; path = AppDelegate.swift; sourceTree = "<group>"; };
		4FFB91FB297E6B1900B19260 /* SceneDelegate.swift */ = {isa = PBXFileReference; lastKnownFileType = sourcecode.swift; path = SceneDelegate.swift; sourceTree = "<group>"; };
		4FFB91FD297E6B1900B19260 /* LoginViewController.swift */ = {isa = PBXFileReference; lastKnownFileType = sourcecode.swift; path = LoginViewController.swift; sourceTree = "<group>"; };
		4FFB9202297E6B1B00B19260 /* Assets.xcassets */ = {isa = PBXFileReference; lastKnownFileType = folder.assetcatalog; path = Assets.xcassets; sourceTree = "<group>"; };
		4FFB9205297E6B1B00B19260 /* Base */ = {isa = PBXFileReference; lastKnownFileType = file.storyboard; name = Base; path = Base.lproj/LaunchScreen.storyboard; sourceTree = "<group>"; };
		4FFB9207297E6B1B00B19260 /* Info.plist */ = {isa = PBXFileReference; lastKnownFileType = text.plist.xml; path = Info.plist; sourceTree = "<group>"; };
		4FFB9234297E7E0B00B19260 /* GoogleService-Info.plist */ = {isa = PBXFileReference; fileEncoding = 4; lastKnownFileType = text.plist.xml; path = "GoogleService-Info.plist"; sourceTree = "<group>"; };
		4FFB9236297E94BB00B19260 /* HomeViewController.swift */ = {isa = PBXFileReference; lastKnownFileType = sourcecode.swift; path = HomeViewController.swift; sourceTree = "<group>"; };
		63842527B830C71F989D2F3B /* Pods-AutoLayoutAsis.debug.xcconfig */ = {isa = PBXFileReference; includeInIndex = 1; lastKnownFileType = text.xcconfig; name = "Pods-AutoLayoutAsis.debug.xcconfig"; path = "Target Support Files/Pods-AutoLayoutAsis/Pods-AutoLayoutAsis.debug.xcconfig"; sourceTree = "<group>"; };
/* End PBXFileReference section */

/* Begin PBXFrameworksBuildPhase section */
		4FFB91F3297E6B1900B19260 /* Frameworks */ = {
			isa = PBXFrameworksBuildPhase;
			buildActionMask = 2147483647;
			files = (
				21A68B9078A3BD2166A7EDAC /* Pods_AutoLayoutAsis.framework in Frameworks */,
			);
			runOnlyForDeploymentPostprocessing = 0;
		};
/* End PBXFrameworksBuildPhase section */

/* Begin PBXGroup section */
		33154C32D9658078D489836F /* Pods */ = {
			isa = PBXGroup;
			children = (
				63842527B830C71F989D2F3B /* Pods-AutoLayoutAsis.debug.xcconfig */,
				3F8A9ECD26A88D9F8FCA97FA /* Pods-AutoLayoutAsis.release.xcconfig */,
			);
			path = Pods;
			sourceTree = "<group>";
		};
		4F1A5407297ECBDE003566F1 /* Models */ = {
			isa = PBXGroup;
			children = (
				4F1A540A297ED18F003566F1 /* MenuItems.swift */,
				4F6BA12D29800B6C0010C8C2 /* StationModel.swift */,
				4FC4287F29811257004BED52 /* ServiceModel.swift */,
				4FC4288329815740004BED52 /* VehicleModel.swift */,
				4FA3ADBB299A0FB300F15DDD /* StopServices.swift */,
				4F38B97B299CB58D008783B7 /* RoadMaps.swift */,
			);
			path = Models;
			sourceTree = "<group>";
		};
		4F6BA113297FB1150010C8C2 /* View */ = {
			isa = PBXGroup;
			children = (
				4F988CF42987A1D700E74198 /* TableViewCell */,
				4F988CE52986893100E74198 /* LoadingScreen.swift */,
				4FFB91FD297E6B1900B19260 /* LoginViewController.swift */,
				4FFB9236297E94BB00B19260 /* HomeViewController.swift */,
				4F6BA11A297FB60F0010C8C2 /* WhereMyBusViewController.swift */,
				4F6BA11C297FB6570010C8C2 /* StationsViewController.swift */,
				4F6BA11E297FB67B0010C8C2 /* DealersViewController.swift */,
				4F6BA120297FB6A30010C8C2 /* BalanceViewController.swift */,
				4F6BA122297FB7750010C8C2 /* SettingsViewController.swift */,
				4F6BA124297FB7AA0010C8C2 /* ShareAppViewController.swift */,
				4F6BA126297FB7CC0010C8C2 /* ChangeLanguageViewController.swift */,
				4F6BA128297FC29E0010C8C2 /* AppTabBarController.swift */,
				4FC4287D29810792004BED52 /* StationMapViewController.swift */,
				4FC4288129811453004BED52 /* ServiceMapViewController.swift */,
				4F7FA198299B97B000C7135D /* HowIGoViewController.swift */,
				4F38B97D299CBA45008783B7 /* RouteViewController.swift */,
			);
			path = View;
			sourceTree = "<group>";
		};
		4F6BA12A298005A00010C8C2 /* Services */ = {
			isa = PBXGroup;
			children = (
				4F6BA12B298006830010C8C2 /* NetworkManager.swift */,
			);
			path = Services;
			sourceTree = "<group>";
		};
		4F988CF42987A1D700E74198 /* TableViewCell */ = {
			isa = PBXGroup;
			children = (
				4F6BA118297FB5CE0010C8C2 /* MenuTableViewCell.swift */,
				4F38B97F299CBDFF008783B7 /* RouteTableViewCell.swift */,
			);
			path = TableViewCell;
			sourceTree = "<group>";
		};
		4FC119C42983FA25002BD302 /* ViewModel */ = {
			isa = PBXGroup;
			children = (
				4F988CF029879ABB00E74198 /* ServiceMapViewModel.swift */,
				4F988CF229879FDB00E74198 /* LoginViewModel.swift */,
				4F988CF62987A22D00E74198 /* WhereMyBusViewModel.swift */,
				4F988CF82987A3BC00E74198 /* StationsViewModel.swift */,
				4F988CFA2987A4C700E74198 /* SettingsViewModel.swift */,
			);
			path = ViewModel;
			sourceTree = "<group>";
		};
		4FF4A36E298A3A4F0078FC28 /* resources */ = {
			isa = PBXGroup;
			children = (
				4FF4A370298A3A780078FC28 /* intro.mp4 */,
			);
			path = resources;
			sourceTree = "<group>";
		};
		4FFB91ED297E6B1900B19260 = {
			isa = PBXGroup;
			children = (
				4FFB91F8297E6B1900B19260 /* AutoLayoutAsis */,
				4FFB91F7297E6B1900B19260 /* Products */,
				9EEF2DB4CCD3B6A3315661F0 /* Frameworks */,
				33154C32D9658078D489836F /* Pods */,
			);
			sourceTree = "<group>";
		};
		4FFB91F7297E6B1900B19260 /* Products */ = {
			isa = PBXGroup;
			children = (
				4FFB91F6297E6B1900B19260 /* AutoLayoutAsis.app */,
			);
			name = Products;
			sourceTree = "<group>";
		};
		4FFB91F8297E6B1900B19260 /* AutoLayoutAsis */ = {
			isa = PBXGroup;
			children = (
				4FC119C52983FBC0002BD302 /* AutoLayoutAsis.entitlements */,
				4FFB9202297E6B1B00B19260 /* Assets.xcassets */,
				4FFB9204297E6B1B00B19260 /* LaunchScreen.storyboard */,
				4FFB91F9297E6B1900B19260 /* AppDelegate.swift */,
				4FFB91FB297E6B1900B19260 /* SceneDelegate.swift */,
				4FEF8E882985723100BF6B86 /* LocalizationSystem.swift */,
				4FFB9234297E7E0B00B19260 /* GoogleService-Info.plist */,
				4FFB9207297E6B1B00B19260 /* Info.plist */,
				4FF4A36E298A3A4F0078FC28 /* resources */,
				4F6BA12A298005A00010C8C2 /* Services */,
				4F1A5407297ECBDE003566F1 /* Models */,
				4F6BA113297FB1150010C8C2 /* View */,
				4FC119C42983FA25002BD302 /* ViewModel */,
				4FC119BD2983A087002BD302 /* Localizable.strings */,
			);
			path = AutoLayoutAsis;
			sourceTree = "<group>";
		};
		9EEF2DB4CCD3B6A3315661F0 /* Frameworks */ = {
			isa = PBXGroup;
			children = (
				34FB332453DDF9B4BC8FD309 /* Pods_AutoLayoutAsis.framework */,
			);
			name = Frameworks;
			sourceTree = "<group>";
		};
/* End PBXGroup section */

/* Begin PBXNativeTarget section */
		4FFB91F5297E6B1900B19260 /* AutoLayoutAsis */ = {
			isa = PBXNativeTarget;
			buildConfigurationList = 4FFB920A297E6B1B00B19260 /* Build configuration list for PBXNativeTarget "AutoLayoutAsis" */;
			buildPhases = (
				E61D06315814AFDCE142FB2D /* [CP] Check Pods Manifest.lock */,
				4FFB91F2297E6B1900B19260 /* Sources */,
				4FFB91F3297E6B1900B19260 /* Frameworks */,
				4FFB91F4297E6B1900B19260 /* Resources */,
				50E14F9C6955EEF07406B7D2 /* [CP] Embed Pods Frameworks */,
				5B6F1084D6418637AB619F44 /* [CP] Copy Pods Resources */,
			);
			buildRules = (
			);
			dependencies = (
			);
			name = AutoLayoutAsis;
			productName = AutoLayoutAsis;
			productReference = 4FFB91F6297E6B1900B19260 /* AutoLayoutAsis.app */;
			productType = "com.apple.product-type.application";
		};
/* End PBXNativeTarget section */

/* Begin PBXProject section */
		4FFB91EE297E6B1900B19260 /* Project object */ = {
			isa = PBXProject;
			attributes = {
				BuildIndependentTargetsInParallel = 1;
				LastSwiftUpdateCheck = 1410;
				LastUpgradeCheck = 1410;
				TargetAttributes = {
					4FFB91F5297E6B1900B19260 = {
						CreatedOnToolsVersion = 14.1;
					};
				};
			};
			buildConfigurationList = 4FFB91F1297E6B1900B19260 /* Build configuration list for PBXProject "AutoLayoutAsis" */;
			compatibilityVersion = "Xcode 14.0";
			developmentRegion = en;
			hasScannedForEncodings = 0;
			knownRegions = (
				en,
				Base,
				tr,
			);
			mainGroup = 4FFB91ED297E6B1900B19260;
			productRefGroup = 4FFB91F7297E6B1900B19260 /* Products */;
			projectDirPath = "";
			projectRoot = "";
			targets = (
				4FFB91F5297E6B1900B19260 /* AutoLayoutAsis */,
			);
		};
/* End PBXProject section */

/* Begin PBXResourcesBuildPhase section */
		4FFB91F4297E6B1900B19260 /* Resources */ = {
			isa = PBXResourcesBuildPhase;
			buildActionMask = 2147483647;
			files = (
				4FF4A371298A3A780078FC28 /* intro.mp4 in Resources */,
				4FC119BB2983A087002BD302 /* Localizable.strings in Resources */,
				4FFB9203297E6B1B00B19260 /* Assets.xcassets in Resources */,
				4FFB9235297E7E0B00B19260 /* GoogleService-Info.plist in Resources */,
			);
			runOnlyForDeploymentPostprocessing = 0;
		};
/* End PBXResourcesBuildPhase section */

/* Begin PBXShellScriptBuildPhase section */
		50E14F9C6955EEF07406B7D2 /* [CP] Embed Pods Frameworks */ = {
			isa = PBXShellScriptBuildPhase;
			buildActionMask = 2147483647;
			files = (
			);
			inputFileListPaths = (
				"${PODS_ROOT}/Target Support Files/Pods-AutoLayoutAsis/Pods-AutoLayoutAsis-frameworks-${CONFIGURATION}-input-files.xcfilelist",
			);
			name = "[CP] Embed Pods Frameworks";
			outputFileListPaths = (
				"${PODS_ROOT}/Target Support Files/Pods-AutoLayoutAsis/Pods-AutoLayoutAsis-frameworks-${CONFIGURATION}-output-files.xcfilelist",
			);
			runOnlyForDeploymentPostprocessing = 0;
			shellPath = /bin/sh;
			shellScript = "\"${PODS_ROOT}/Target Support Files/Pods-AutoLayoutAsis/Pods-AutoLayoutAsis-frameworks.sh\"\n";
			showEnvVarsInLog = 0;
		};
		5B6F1084D6418637AB619F44 /* [CP] Copy Pods Resources */ = {
			isa = PBXShellScriptBuildPhase;
			buildActionMask = 2147483647;
			files = (
			);
			inputFileListPaths = (
				"${PODS_ROOT}/Target Support Files/Pods-AutoLayoutAsis/Pods-AutoLayoutAsis-resources-${CONFIGURATION}-input-files.xcfilelist",
			);
			name = "[CP] Copy Pods Resources";
			outputFileListPaths = (
				"${PODS_ROOT}/Target Support Files/Pods-AutoLayoutAsis/Pods-AutoLayoutAsis-resources-${CONFIGURATION}-output-files.xcfilelist",
			);
			runOnlyForDeploymentPostprocessing = 0;
			shellPath = /bin/sh;
			shellScript = "\"${PODS_ROOT}/Target Support Files/Pods-AutoLayoutAsis/Pods-AutoLayoutAsis-resources.sh\"\n";
			showEnvVarsInLog = 0;
		};
		E61D06315814AFDCE142FB2D /* [CP] Check Pods Manifest.lock */ = {
			isa = PBXShellScriptBuildPhase;
			buildActionMask = 2147483647;
			files = (
			);
			inputFileListPaths = (
			);
			inputPaths = (
				"${PODS_PODFILE_DIR_PATH}/Podfile.lock",
				"${PODS_ROOT}/Manifest.lock",
			);
			name = "[CP] Check Pods Manifest.lock";
			outputFileListPaths = (
			);
			outputPaths = (
				"$(DERIVED_FILE_DIR)/Pods-AutoLayoutAsis-checkManifestLockResult.txt",
			);
			runOnlyForDeploymentPostprocessing = 0;
			shellPath = /bin/sh;
			shellScript = "diff \"${PODS_PODFILE_DIR_PATH}/Podfile.lock\" \"${PODS_ROOT}/Manifest.lock\" > /dev/null\nif [ $? != 0 ] ; then\n    # print error to STDERR\n    echo \"error: The sandbox is not in sync with the Podfile.lock. Run 'pod install' or update your CocoaPods installation.\" >&2\n    exit 1\nfi\n# This output is used by Xcode 'outputs' to avoid re-running this script phase.\necho \"SUCCESS\" > \"${SCRIPT_OUTPUT_FILE_0}\"\n";
			showEnvVarsInLog = 0;
		};
/* End PBXShellScriptBuildPhase section */

/* Begin PBXSourcesBuildPhase section */
		4FFB91F2297E6B1900B19260 /* Sources */ = {
			isa = PBXSourcesBuildPhase;
			buildActionMask = 2147483647;
			files = (
				4FFB91FE297E6B1900B19260 /* LoginViewController.swift in Sources */,
				4F7FA199299B97B000C7135D /* HowIGoViewController.swift in Sources */,
				4F38B97E299CBA45008783B7 /* RouteViewController.swift in Sources */,
				4F988CF92987A3BC00E74198 /* StationsViewModel.swift in Sources */,
				4F6BA11D297FB6570010C8C2 /* StationsViewController.swift in Sources */,
				4F38B980299CBDFF008783B7 /* RouteTableViewCell.swift in Sources */,
				4F6BA125297FB7AA0010C8C2 /* ShareAppViewController.swift in Sources */,
				4F6BA129297FC29E0010C8C2 /* AppTabBarController.swift in Sources */,
				4FC4288229811453004BED52 /* ServiceMapViewController.swift in Sources */,
				4FC4287E29810792004BED52 /* StationMapViewController.swift in Sources */,
				4F6BA12C298006830010C8C2 /* NetworkManager.swift in Sources */,
				4FC4288429815740004BED52 /* VehicleModel.swift in Sources */,
				4F38B97C299CB58D008783B7 /* RoadMaps.swift in Sources */,
				4FEF8E892985723100BF6B86 /* LocalizationSystem.swift in Sources */,
				4FC4288029811257004BED52 /* ServiceModel.swift in Sources */,
				4F6BA11F297FB67B0010C8C2 /* DealersViewController.swift in Sources */,
				4F6BA119297FB5CE0010C8C2 /* MenuTableViewCell.swift in Sources */,
				4F988CE62986893100E74198 /* LoadingScreen.swift in Sources */,
				4F988CF129879ABB00E74198 /* ServiceMapViewModel.swift in Sources */,
				4F6BA127297FB7CC0010C8C2 /* ChangeLanguageViewController.swift in Sources */,
				4F6BA11B297FB60F0010C8C2 /* WhereMyBusViewController.swift in Sources */,
				4FFB91FA297E6B1900B19260 /* AppDelegate.swift in Sources */,
				4F1A540B297ED18F003566F1 /* MenuItems.swift in Sources */,
				4FFB91FC297E6B1900B19260 /* SceneDelegate.swift in Sources */,
				4F988CF72987A22D00E74198 /* WhereMyBusViewModel.swift in Sources */,
				4F6BA121297FB6A30010C8C2 /* BalanceViewController.swift in Sources */,
				4F988CF329879FDB00E74198 /* LoginViewModel.swift in Sources */,
				4FFB9237297E94BC00B19260 /* HomeViewController.swift in Sources */,
				4F6BA12E29800B6C0010C8C2 /* StationModel.swift in Sources */,
				4F6BA123297FB7750010C8C2 /* SettingsViewController.swift in Sources */,
				4F988CFB2987A4C700E74198 /* SettingsViewModel.swift in Sources */,
				4FA3ADBC299A0FB300F15DDD /* StopServices.swift in Sources */,
			);
			runOnlyForDeploymentPostprocessing = 0;
		};
/* End PBXSourcesBuildPhase section */

/* Begin PBXVariantGroup section */
		4FC119BD2983A087002BD302 /* Localizable.strings */ = {
			isa = PBXVariantGroup;
			children = (
				4FC119BC2983A087002BD302 /* tr */,
				4FC119BE2983A62A002BD302 /* en */,
			);
			name = Localizable.strings;
			sourceTree = "<group>";
		};
		4FFB9204297E6B1B00B19260 /* LaunchScreen.storyboard */ = {
			isa = PBXVariantGroup;
			children = (
				4FFB9205297E6B1B00B19260 /* Base */,
				4FC119B82983A01C002BD302 /* tr */,
			);
			name = LaunchScreen.storyboard;
			sourceTree = "<group>";
		};
/* End PBXVariantGroup section */

/* Begin XCBuildConfiguration section */
		4FFB9208297E6B1B00B19260 /* Debug */ = {
			isa = XCBuildConfiguration;
			buildSettings = {
				ALWAYS_SEARCH_USER_PATHS = NO;
				CLANG_ANALYZER_LOCALIZABILITY_NONLOCALIZED = YES;
				CLANG_ANALYZER_NONNULL = YES;
				CLANG_ANALYZER_NUMBER_OBJECT_CONVERSION = YES_AGGRESSIVE;
				CLANG_CXX_LANGUAGE_STANDARD = "gnu++20";
				CLANG_ENABLE_MODULES = YES;
				CLANG_ENABLE_OBJC_ARC = YES;
				CLANG_ENABLE_OBJC_WEAK = YES;
				CLANG_WARN_BLOCK_CAPTURE_AUTORELEASING = YES;
				CLANG_WARN_BOOL_CONVERSION = YES;
				CLANG_WARN_COMMA = YES;
				CLANG_WARN_CONSTANT_CONVERSION = YES;
				CLANG_WARN_DEPRECATED_OBJC_IMPLEMENTATIONS = YES;
				CLANG_WARN_DIRECT_OBJC_ISA_USAGE = YES_ERROR;
				CLANG_WARN_DOCUMENTATION_COMMENTS = YES;
				CLANG_WARN_EMPTY_BODY = YES;
				CLANG_WARN_ENUM_CONVERSION = YES;
				CLANG_WARN_INFINITE_RECURSION = YES;
				CLANG_WARN_INT_CONVERSION = YES;
				CLANG_WARN_NON_LITERAL_NULL_CONVERSION = YES;
				CLANG_WARN_OBJC_IMPLICIT_RETAIN_SELF = YES;
				CLANG_WARN_OBJC_LITERAL_CONVERSION = YES;
				CLANG_WARN_OBJC_ROOT_CLASS = YES_ERROR;
				CLANG_WARN_QUOTED_INCLUDE_IN_FRAMEWORK_HEADER = YES;
				CLANG_WARN_RANGE_LOOP_ANALYSIS = YES;
				CLANG_WARN_STRICT_PROTOTYPES = YES;
				CLANG_WARN_SUSPICIOUS_MOVE = YES;
				CLANG_WARN_UNGUARDED_AVAILABILITY = YES_AGGRESSIVE;
				CLANG_WARN_UNREACHABLE_CODE = YES;
				CLANG_WARN__DUPLICATE_METHOD_MATCH = YES;
				COPY_PHASE_STRIP = NO;
				DEBUG_INFORMATION_FORMAT = dwarf;
				ENABLE_STRICT_OBJC_MSGSEND = YES;
				ENABLE_TESTABILITY = YES;
				GCC_C_LANGUAGE_STANDARD = gnu11;
				GCC_DYNAMIC_NO_PIC = NO;
				GCC_NO_COMMON_BLOCKS = YES;
				GCC_OPTIMIZATION_LEVEL = 0;
				GCC_PREPROCESSOR_DEFINITIONS = (
					"DEBUG=1",
					"$(inherited)",
				);
				GCC_WARN_64_TO_32_BIT_CONVERSION = YES;
				GCC_WARN_ABOUT_RETURN_TYPE = YES_ERROR;
				GCC_WARN_UNDECLARED_SELECTOR = YES;
				GCC_WARN_UNINITIALIZED_AUTOS = YES_AGGRESSIVE;
				GCC_WARN_UNUSED_FUNCTION = YES;
				GCC_WARN_UNUSED_VARIABLE = YES;
				IPHONEOS_DEPLOYMENT_TARGET = 16.1;
				MTL_ENABLE_DEBUG_INFO = INCLUDE_SOURCE;
				MTL_FAST_MATH = YES;
				ONLY_ACTIVE_ARCH = YES;
				SDKROOT = iphoneos;
				SWIFT_ACTIVE_COMPILATION_CONDITIONS = DEBUG;
				SWIFT_OPTIMIZATION_LEVEL = "-Onone";
			};
			name = Debug;
		};
		4FFB9209297E6B1B00B19260 /* Release */ = {
			isa = XCBuildConfiguration;
			buildSettings = {
				ALWAYS_SEARCH_USER_PATHS = NO;
				CLANG_ANALYZER_LOCALIZABILITY_NONLOCALIZED = YES;
				CLANG_ANALYZER_NONNULL = YES;
				CLANG_ANALYZER_NUMBER_OBJECT_CONVERSION = YES_AGGRESSIVE;
				CLANG_CXX_LANGUAGE_STANDARD = "gnu++20";
				CLANG_ENABLE_MODULES = YES;
				CLANG_ENABLE_OBJC_ARC = YES;
				CLANG_ENABLE_OBJC_WEAK = YES;
				CLANG_WARN_BLOCK_CAPTURE_AUTORELEASING = YES;
				CLANG_WARN_BOOL_CONVERSION = YES;
				CLANG_WARN_COMMA = YES;
				CLANG_WARN_CONSTANT_CONVERSION = YES;
				CLANG_WARN_DEPRECATED_OBJC_IMPLEMENTATIONS = YES;
				CLANG_WARN_DIRECT_OBJC_ISA_USAGE = YES_ERROR;
				CLANG_WARN_DOCUMENTATION_COMMENTS = YES;
				CLANG_WARN_EMPTY_BODY = YES;
				CLANG_WARN_ENUM_CONVERSION = YES;
				CLANG_WARN_INFINITE_RECURSION = YES;
				CLANG_WARN_INT_CONVERSION = YES;
				CLANG_WARN_NON_LITERAL_NULL_CONVERSION = YES;
				CLANG_WARN_OBJC_IMPLICIT_RETAIN_SELF = YES;
				CLANG_WARN_OBJC_LITERAL_CONVERSION = YES;
				CLANG_WARN_OBJC_ROOT_CLASS = YES_ERROR;
				CLANG_WARN_QUOTED_INCLUDE_IN_FRAMEWORK_HEADER = YES;
				CLANG_WARN_RANGE_LOOP_ANALYSIS = YES;
				CLANG_WARN_STRICT_PROTOTYPES = YES;
				CLANG_WARN_SUSPICIOUS_MOVE = YES;
				CLANG_WARN_UNGUARDED_AVAILABILITY = YES_AGGRESSIVE;
				CLANG_WARN_UNREACHABLE_CODE = YES;
				CLANG_WARN__DUPLICATE_METHOD_MATCH = YES;
				COPY_PHASE_STRIP = NO;
				DEBUG_INFORMATION_FORMAT = "dwarf-with-dsym";
				ENABLE_NS_ASSERTIONS = NO;
				ENABLE_STRICT_OBJC_MSGSEND = YES;
				GCC_C_LANGUAGE_STANDARD = gnu11;
				GCC_NO_COMMON_BLOCKS = YES;
				GCC_WARN_64_TO_32_BIT_CONVERSION = YES;
				GCC_WARN_ABOUT_RETURN_TYPE = YES_ERROR;
				GCC_WARN_UNDECLARED_SELECTOR = YES;
				GCC_WARN_UNINITIALIZED_AUTOS = YES_AGGRESSIVE;
				GCC_WARN_UNUSED_FUNCTION = YES;
				GCC_WARN_UNUSED_VARIABLE = YES;
				IPHONEOS_DEPLOYMENT_TARGET = 16.1;
				MTL_ENABLE_DEBUG_INFO = NO;
				MTL_FAST_MATH = YES;
				SDKROOT = iphoneos;
				SWIFT_COMPILATION_MODE = wholemodule;
				SWIFT_OPTIMIZATION_LEVEL = "-O";
				VALIDATE_PRODUCT = YES;
			};
			name = Release;
		};
		4FFB920B297E6B1B00B19260 /* Debug */ = {
			isa = XCBuildConfiguration;
			baseConfigurationReference = 63842527B830C71F989D2F3B /* Pods-AutoLayoutAsis.debug.xcconfig */;
			buildSettings = {
				ASSETCATALOG_COMPILER_APPICON_NAME = AppIcon;
				ASSETCATALOG_COMPILER_GLOBAL_ACCENT_COLOR_NAME = AccentColor;
				CODE_SIGN_ENTITLEMENTS = AutoLayoutAsis/AutoLayoutAsis.entitlements;
				CODE_SIGN_STYLE = Automatic;
				CURRENT_PROJECT_VERSION = 1;
				DEVELOPMENT_TEAM = USB677SYCW;
				EXCLUDED_ARCHS = "";
				GENERATE_INFOPLIST_FILE = YES;
				INFOPLIST_FILE = AutoLayoutAsis/Info.plist;
				INFOPLIST_KEY_NFCReaderUsageDescription = "Test Only";
				INFOPLIST_KEY_NSLocationAlwaysAndWhenInUseUsageDescription = "Lokasyon Kullanımı";
				INFOPLIST_KEY_NSLocationWhenInUseUsageDescription = Lokasyon;
				INFOPLIST_KEY_UIApplicationSupportsIndirectInputEvents = YES;
				INFOPLIST_KEY_UILaunchStoryboardName = LaunchScreen;
				INFOPLIST_KEY_UIMainStoryboardFile = "";
				INFOPLIST_KEY_UIStatusBarStyle = "";
				INFOPLIST_KEY_UISupportedInterfaceOrientations_iPad = "UIInterfaceOrientationPortrait UIInterfaceOrientationPortraitUpsideDown UIInterfaceOrientationLandscapeLeft UIInterfaceOrientationLandscapeRight";
				INFOPLIST_KEY_UISupportedInterfaceOrientations_iPhone = "UIInterfaceOrientationPortrait UIInterfaceOrientationLandscapeLeft UIInterfaceOrientationLandscapeRight";
				LD_RUNPATH_SEARCH_PATHS = (
					"$(inherited)",
					"@executable_path/Frameworks",
				);
				MARKETING_VERSION = 1.0;
				PRODUCT_BUNDLE_IDENTIFIER = com.harundemirkaya.AutoLayoutAsis;
				PRODUCT_NAME = "$(TARGET_NAME)";
				SWIFT_EMIT_LOC_STRINGS = YES;
				SWIFT_VERSION = 5.0;
				TARGETED_DEVICE_FAMILY = "1,2";
			};
			name = Debug;
		};
		4FFB920C297E6B1B00B19260 /* Release */ = {
			isa = XCBuildConfiguration;
			baseConfigurationReference = 3F8A9ECD26A88D9F8FCA97FA /* Pods-AutoLayoutAsis.release.xcconfig */;
			buildSettings = {
				ASSETCATALOG_COMPILER_APPICON_NAME = AppIcon;
				ASSETCATALOG_COMPILER_GLOBAL_ACCENT_COLOR_NAME = AccentColor;
				CODE_SIGN_ENTITLEMENTS = AutoLayoutAsis/AutoLayoutAsis.entitlements;
				CODE_SIGN_STYLE = Automatic;
				CURRENT_PROJECT_VERSION = 1;
				DEVELOPMENT_TEAM = USB677SYCW;
				EXCLUDED_ARCHS = "";
				GENERATE_INFOPLIST_FILE = YES;
				INFOPLIST_FILE = AutoLayoutAsis/Info.plist;
				INFOPLIST_KEY_NFCReaderUsageDescription = "Test Only";
				INFOPLIST_KEY_NSLocationAlwaysAndWhenInUseUsageDescription = "Lokasyon Kullanımı";
				INFOPLIST_KEY_NSLocationWhenInUseUsageDescription = Lokasyon;
				INFOPLIST_KEY_UIApplicationSupportsIndirectInputEvents = YES;
				INFOPLIST_KEY_UILaunchStoryboardName = LaunchScreen;
				INFOPLIST_KEY_UIMainStoryboardFile = "";
				INFOPLIST_KEY_UIStatusBarStyle = "";
				INFOPLIST_KEY_UISupportedInterfaceOrientations_iPad = "UIInterfaceOrientationPortrait UIInterfaceOrientationPortraitUpsideDown UIInterfaceOrientationLandscapeLeft UIInterfaceOrientationLandscapeRight";
				INFOPLIST_KEY_UISupportedInterfaceOrientations_iPhone = "UIInterfaceOrientationPortrait UIInterfaceOrientationLandscapeLeft UIInterfaceOrientationLandscapeRight";
				LD_RUNPATH_SEARCH_PATHS = (
					"$(inherited)",
					"@executable_path/Frameworks",
				);
				MARKETING_VERSION = 1.0;
				PRODUCT_BUNDLE_IDENTIFIER = com.harundemirkaya.AutoLayoutAsis;
				PRODUCT_NAME = "$(TARGET_NAME)";
				SWIFT_EMIT_LOC_STRINGS = YES;
				SWIFT_VERSION = 5.0;
				TARGETED_DEVICE_FAMILY = "1,2";
			};
			name = Release;
		};
/* End XCBuildConfiguration section */

/* Begin XCConfigurationList section */
		4FFB91F1297E6B1900B19260 /* Build configuration list for PBXProject "AutoLayoutAsis" */ = {
			isa = XCConfigurationList;
			buildConfigurations = (
				4FFB9208297E6B1B00B19260 /* Debug */,
				4FFB9209297E6B1B00B19260 /* Release */,
			);
			defaultConfigurationIsVisible = 0;
			defaultConfigurationName = Release;
		};
		4FFB920A297E6B1B00B19260 /* Build configuration list for PBXNativeTarget "AutoLayoutAsis" */ = {
			isa = XCConfigurationList;
			buildConfigurations = (
				4FFB920B297E6B1B00B19260 /* Debug */,
				4FFB920C297E6B1B00B19260 /* Release */,
			);
			defaultConfigurationIsVisible = 0;
			defaultConfigurationName = Release;
		};
/* End XCConfigurationList section */
	};
	rootObject = 4FFB91EE297E6B1900B19260 /* Project object */;
}
